{
  "originHash" : "18e0862e1a3c3af813a585feb767468c723ddca4be29dd639d77e8a2f6708530",
  "pins" : [
    {
      "identity" : "ios-sdk",
      "kind" : "remoteSourceControl",
      "location" : "https://github.com/verisoul/ios-sdk.git",
      "state" : {
        "revision" : "9f8f45e1c2c3f573f1e615ad1b863c49f20a4093",
        "version" : "0.2.5"
      }
    }
  ],
  "version" : 3
}
